
Microsoft Visual Studio Solution File, Format Version 12.00
# Visual Studio Version 17
VisualStudioVersion = 17.10.34928.147
MinimumVisualStudioVersion = 10.0.40219.1
Project("{9A19103F-16F7-4668-BE54-9A1E7A4F7556}") = "CafeteriaRecommendationSystem", "CafeteriaRecommendationSystem.csproj", "{973F909C-85B4-4ADA-9AF5-DB79D666ADEC}"
EndProject
Project("{9A19103F-16F7-4668-BE54-9A1E7A4F7556}") = "CafeteriaRecommendationSystem.DAL", "..\CafeteriaRecommendationSystem.DAL\CafeteriaRecommendationSystem.DAL.csproj", "{7805D1B5-81D8-449E-A3FA-BFC8187A8D44}"
EndProject
Project("{FAE04EC0-301F-11D3-BF4B-00C04F79EFBC}") = "CafeteriaRecommendationSystem.Common", "..\CafeteriaRecommendationSystem.Common\CafeteriaRecommendationSystem.Common.csproj", "{C60582D9-270A-4DF1-B107-4EAD94E0478A}"
EndProject
Global
	GlobalSection(SolutionConfigurationPlatforms) = preSolution
		Debug|Any CPU = Debug|Any CPU
		Release|Any CPU = Release|Any CPU
	EndGlobalSection
	GlobalSection(ProjectConfigurationPlatforms) = postSolution
		{973F909C-85B4-4ADA-9AF5-DB79D666ADEC}.Debug|Any CPU.ActiveCfg = Debug|Any CPU
		{973F909C-85B4-4ADA-9AF5-DB79D666ADEC}.Debug|Any CPU.Build.0 = Debug|Any CPU
		{973F909C-85B4-4ADA-9AF5-DB79D666ADEC}.Release|Any CPU.ActiveCfg = Release|Any CPU
		{973F909C-85B4-4ADA-9AF5-DB79D666ADEC}.Release|Any CPU.Build.0 = Release|Any CPU
		{7805D1B5-81D8-449E-A3FA-BFC8187A8D44}.Debug|Any CPU.ActiveCfg = Debug|Any CPU
		{7805D1B5-81D8-449E-A3FA-BFC8187A8D44}.Debug|Any CPU.Build.0 = Debug|Any CPU
		{7805D1B5-81D8-449E-A3FA-BFC8187A8D44}.Release|Any CPU.ActiveCfg = Release|Any CPU
		{7805D1B5-81D8-449E-A3FA-BFC8187A8D44}.Release|Any CPU.Build.0 = Release|Any CPU
		{C60582D9-270A-4DF1-B107-4EAD94E0478A}.Debug|Any CPU.ActiveCfg = Debug|Any CPU
		{C60582D9-270A-4DF1-B107-4EAD94E0478A}.Debug|Any CPU.Build.0 = Debug|Any CPU
		{C60582D9-270A-4DF1-B107-4EAD94E0478A}.Release|Any CPU.ActiveCfg = Release|Any CPU
		{C60582D9-270A-4DF1-B107-4EAD94E0478A}.Release|Any CPU.Build.0 = Release|Any CPU
	EndGlobalSection
	GlobalSection(SolutionProperties) = preSolution
		HideSolutionNode = FALSE
	EndGlobalSection
	GlobalSection(ExtensibilityGlobals) = postSolution
		SolutionGuid = {CF85F096-7A40-4478-9D6B-8CC49467152E}
	EndGlobalSection
EndGlobal
